
Microsoft Visual Studio Solution File, Format Version 12.00
# Visual Studio Version 17
VisualStudioVersion = 17.4.33110.190
MinimumVisualStudioVersion = 10.0.40219.1
Project("{9A19103F-16F7-4668-BE54-9A1E7A4F7556}") = "ConsoleApp5", "..\ConsoleApp5\ConsoleApp5.csproj", "{098F19AC-7588-4A5D-937B-D2425F3A8C4B}"
EndProject
Project("{9A19103F-16F7-4668-BE54-9A1E7A4F7556}") = "Классы и структуры", "..\Классы и структуры\Классы и структуры.csproj", "{1EA904D0-A9C9-483B-9E50-2F2F4573293D}"
EndProject
Project("{9A19103F-16F7-4668-BE54-9A1E7A4F7556}") = "class Car", "..\class Car\class Car.csproj", "{EA62BDD5-2BF8-4206-BF50-AFF58F7D68A7}"
EndProject
Project("{9A19103F-16F7-4668-BE54-9A1E7A4F7556}") = "Methods2", "..\Methods2\Methods2.csproj", "{2854E5E8-901B-41DF-9C7F-D0F88E2292CE}"
EndProject
Project("{9A19103F-16F7-4668-BE54-9A1E7A4F7556}") = "ConsoleApp7", "..\ConsoleApp7\ConsoleApp7.csproj", "{1DAF701C-B048-4BA0-A964-E2EC86A4BBC8}"
EndProject
Project("{9A19103F-16F7-4668-BE54-9A1E7A4F7556}") = "AbstractClass", "..\Arrays\AbstractClass.csproj", "{E31D8C63-85BC-42B9-A897-C5CAC50B1A27}"
EndProject
Project("{9A19103F-16F7-4668-BE54-9A1E7A4F7556}") = "Generics", "Generics\Generics.csproj", "{0D8188EA-324C-4BC4-97EF-DE772DC1F2CC}"
EndProject
Project("{FAE04EC0-301F-11D3-BF4B-00C04F79EFBC}") = "FileSystem", "FileSystem\FileSystem.csproj", "{C4A4E3A7-037D-4354-B936-8403F170F20E}"
EndProject
Global
	GlobalSection(SolutionConfigurationPlatforms) = preSolution
		Debug|Any CPU = Debug|Any CPU
		Release|Any CPU = Release|Any CPU
	EndGlobalSection
	GlobalSection(ProjectConfigurationPlatforms) = postSolution
		{098F19AC-7588-4A5D-937B-D2425F3A8C4B}.Debug|Any CPU.ActiveCfg = Debug|Any CPU
		{098F19AC-7588-4A5D-937B-D2425F3A8C4B}.Debug|Any CPU.Build.0 = Debug|Any CPU
		{098F19AC-7588-4A5D-937B-D2425F3A8C4B}.Release|Any CPU.ActiveCfg = Release|Any CPU
		{098F19AC-7588-4A5D-937B-D2425F3A8C4B}.Release|Any CPU.Build.0 = Release|Any CPU
		{1EA904D0-A9C9-483B-9E50-2F2F4573293D}.Debug|Any CPU.ActiveCfg = Debug|Any CPU
		{1EA904D0-A9C9-483B-9E50-2F2F4573293D}.Debug|Any CPU.Build.0 = Debug|Any CPU
		{1EA904D0-A9C9-483B-9E50-2F2F4573293D}.Release|Any CPU.ActiveCfg = Release|Any CPU
		{1EA904D0-A9C9-483B-9E50-2F2F4573293D}.Release|Any CPU.Build.0 = Release|Any CPU
		{EA62BDD5-2BF8-4206-BF50-AFF58F7D68A7}.Debug|Any CPU.ActiveCfg = Debug|Any CPU
		{EA62BDD5-2BF8-4206-BF50-AFF58F7D68A7}.Debug|Any CPU.Build.0 = Debug|Any CPU
		{EA62BDD5-2BF8-4206-BF50-AFF58F7D68A7}.Release|Any CPU.ActiveCfg = Release|Any CPU
		{EA62BDD5-2BF8-4206-BF50-AFF58F7D68A7}.Release|Any CPU.Build.0 = Release|Any CPU
		{2854E5E8-901B-41DF-9C7F-D0F88E2292CE}.Debug|Any CPU.ActiveCfg = Debug|Any CPU
		{2854E5E8-901B-41DF-9C7F-D0F88E2292CE}.Debug|Any CPU.Build.0 = Debug|Any CPU
		{2854E5E8-901B-41DF-9C7F-D0F88E2292CE}.Release|Any CPU.ActiveCfg = Release|Any CPU
		{2854E5E8-901B-41DF-9C7F-D0F88E2292CE}.Release|Any CPU.Build.0 = Release|Any CPU
		{1DAF701C-B048-4BA0-A964-E2EC86A4BBC8}.Debug|Any CPU.ActiveCfg = Debug|Any CPU
		{1DAF701C-B048-4BA0-A964-E2EC86A4BBC8}.Debug|Any CPU.Build.0 = Debug|Any CPU
		{1DAF701C-B048-4BA0-A964-E2EC86A4BBC8}.Release|Any CPU.ActiveCfg = Release|Any CPU
		{1DAF701C-B048-4BA0-A964-E2EC86A4BBC8}.Release|Any CPU.Build.0 = Release|Any CPU
		{E31D8C63-85BC-42B9-A897-C5CAC50B1A27}.Debug|Any CPU.ActiveCfg = Debug|Any CPU
		{E31D8C63-85BC-42B9-A897-C5CAC50B1A27}.Debug|Any CPU.Build.0 = Debug|Any CPU
		{E31D8C63-85BC-42B9-A897-C5CAC50B1A27}.Release|Any CPU.ActiveCfg = Release|Any CPU
		{E31D8C63-85BC-42B9-A897-C5CAC50B1A27}.Release|Any CPU.Build.0 = Release|Any CPU
		{0D8188EA-324C-4BC4-97EF-DE772DC1F2CC}.Debug|Any CPU.ActiveCfg = Debug|Any CPU
		{0D8188EA-324C-4BC4-97EF-DE772DC1F2CC}.Debug|Any CPU.Build.0 = Debug|Any CPU
		{0D8188EA-324C-4BC4-97EF-DE772DC1F2CC}.Release|Any CPU.ActiveCfg = Release|Any CPU
		{0D8188EA-324C-4BC4-97EF-DE772DC1F2CC}.Release|Any CPU.Build.0 = Release|Any CPU
		{C4A4E3A7-037D-4354-B936-8403F170F20E}.Debug|Any CPU.ActiveCfg = Debug|Any CPU
		{C4A4E3A7-037D-4354-B936-8403F170F20E}.Debug|Any CPU.Build.0 = Debug|Any CPU
		{C4A4E3A7-037D-4354-B936-8403F170F20E}.Release|Any CPU.ActiveCfg = Release|Any CPU
		{C4A4E3A7-037D-4354-B936-8403F170F20E}.Release|Any CPU.Build.0 = Release|Any CPU
	EndGlobalSection
	GlobalSection(SolutionProperties) = preSolution
		HideSolutionNode = FALSE
	EndGlobalSection
	GlobalSection(ExtensibilityGlobals) = postSolution
		SolutionGuid = {4A033A60-94DC-4881-8CDB-464E6E0ADB45}
	EndGlobalSection
EndGlobal
